<?xml version="1.0" encoding="utf-8"?>
<Project ToolsVersion="4.0" xmlns="http://schemas.microsoft.com/developer/msbuild/2003">
  <ItemGroup>
    <Filter Include="源文件">
      <UniqueIdentifier>{4FC737F1-C7A5-4376-A066-2A32D752A2FF}</UniqueIdentifier>
      <Extensions>cpp;c;cc;cxx;def;odl;idl;hpj;bat;asm;asmx</Extensions>
    </Filter>
    <Filter Include="头文件">
      <UniqueIdentifier>{93995380-89BD-4b04-88EB-625FBE52EBFB}</UniqueIdentifier>
      <Extensions>h;hh;hpp;hxx;hm;inl;inc;xsd</Extensions>
    </Filter>
    <Filter Include="资源文件">
      <UniqueIdentifier>{67DA6AB6-F800-4c08-8B7A-83BB121AAD01}</UniqueIdentifier>
      <Extensions>rc;ico;cur;bmp;dlg;rc2;rct;bin;rgs;gif;jpg;jpeg;jpe;resx;tiff;tif;png;wav;mfcribbon-ms</Extensions>
    </Filter>
    <Filter Include="d3dapp">
      <UniqueIdentifier>{d51709b4-bbd6-4b65-b775-99cf73636656}</UniqueIdentifier>
    </Filter>
    <Filter Include="common">
      <UniqueIdentifier>{b320ccff-32ff-4a5d-90f8-94e589a86731}</UniqueIdentifier>
    </Filter>
    <Filter Include="common\timer">
      <UniqueIdentifier>{4341eabe-7a54-44bf-a8e1-14fd6bc1e732}</UniqueIdentifier>
    </Filter>
    <Filter Include="common\debug">
      <UniqueIdentifier>{00a0a4fd-bd27-4d7f-b24e-1181ec2e62d7}</UniqueIdentifier>
    </Filter>
    <Filter Include="common\math">
      <UniqueIdentifier>{05bf206e-8aff-499c-a1c8-16b26040919f}</UniqueIdentifier>
    </Filter>
    <Filter Include="common\color">
      <UniqueIdentifier>{599a2df0-9b48-4d15-a911-450290578a85}</UniqueIdentifier>
    </Filter>
    <Filter Include="boxapp">
      <UniqueIdentifier>{733cb9ef-a48d-4599-afe7-14238914a18e}</UniqueIdentifier>
    </Filter>
    <Filter Include="common\lua">
      <UniqueIdentifier>{c1d744af-09ab-48a6-bd76-6d5ce9167a38}</UniqueIdentifier>
    </Filter>
    <Filter Include="hillsapp">
      <UniqueIdentifier>{1f149852-da07-4504-9e35-e46a7717ee07}</UniqueIdentifier>
    </Filter>
    <Filter Include="common\utils">
      <UniqueIdentifier>{1574b91f-cb8f-454e-b9a0-e6c8a45cd8ed}</UniqueIdentifier>
    </Filter>
  </ItemGroup>
  <ItemGroup>
    <ClInclude Include="d3dapp\d3dapp.h">
      <Filter>d3dapp</Filter>
    </ClInclude>
    <ClInclude Include="common\timer\gametimer.h">
      <Filter>common\timer</Filter>
    </ClInclude>
    <ClInclude Include="common\debug\debug.h">
      <Filter>common\debug</Filter>
    </ClInclude>
    <ClInclude Include="common\math\vec4.h">
      <Filter>common\math</Filter>
    </ClInclude>
    <ClInclude Include="common\math\mat4.h">
      <Filter>common\math</Filter>
    </ClInclude>
    <ClInclude Include="common\math\transform.h">
      <Filter>common\math</Filter>
    </ClInclude>
    <ClInclude Include="common\math\vec3.h">
      <Filter>common\math</Filter>
    </ClInclude>
    <ClInclude Include="common\color\color.h">
      <Filter>common\color</Filter>
    </ClInclude>
    <ClInclude Include="common\math\vec2.h">
      <Filter>common\math</Filter>
    </ClInclude>
    <ClInclude Include="boxapp\boxapp.h">
      <Filter>boxapp</Filter>
    </ClInclude>
    <ClInclude Include="common\lua\luabase.h">
      <Filter>common\lua</Filter>
    </ClInclude>
    <ClInclude Include="hillsapp\hillsapp.h">
      <Filter>hillsapp</Filter>
    </ClInclude>
    <ClInclude Include="common\utils\utils.h">
      <Filter>头文件</Filter>
    </ClInclude>
    <ClInclude Include="GeometryGenerator\GeometryGenerator.h">
      <Filter>头文件</Filter>
    </ClInclude>
    <ClInclude Include="scene\gameobject\gameobject.h">
      <Filter>头文件</Filter>
    </ClInclude>
  </ItemGroup>
  <ItemGroup>
    <ClCompile Include="d3dapp\d3dapp.cpp">
      <Filter>d3dapp</Filter>
    </ClCompile>
    <ClCompile Include="common\timer\gametiemr.cpp">
      <Filter>common\timer</Filter>
    </ClCompile>
    <ClCompile Include="main.cpp">
      <Filter>源文件</Filter>
    </ClCompile>
    <ClCompile Include="common\debug\debug.cpp">
      <Filter>common\debug</Filter>
    </ClCompile>
    <ClCompile Include="common\math\vec4.cpp">
      <Filter>common\math</Filter>
    </ClCompile>
    <ClCompile Include="common\math\transform.cpp">
      <Filter>common\math</Filter>
    </ClCompile>
    <ClCompile Include="common\math\vec3.cpp">
      <Filter>common\math</Filter>
    </ClCompile>
    <ClCompile Include="common\color\color.cpp">
      <Filter>common\color</Filter>
    </ClCompile>
    <ClCompile Include="boxapp\boxapp.cpp">
      <Filter>boxapp</Filter>
    </ClCompile>
    <ClCompile Include="common\lua\luabase.cpp">
      <Filter>common\lua</Filter>
    </ClCompile>
    <ClCompile Include="hillsapp\hillsapp.cpp">
      <Filter>hillsapp</Filter>
    </ClCompile>
    <ClCompile Include="common\utils\utils.cpp">
      <Filter>源文件</Filter>
    </ClCompile>
    <ClCompile Include="GeometryGenerator\GeometryGenerator.cpp">
      <Filter>源文件</Filter>
    </ClCompile>
    <ClCompile Include="scene\gameobject\gameobject.cpp">
      <Filter>源文件</Filter>
    </ClCompile>
  </ItemGroup>
</Project>